// !$*UTF8*$!
{
	archiveVersion = 1;
	classes = {
	};
	objectVersion = 50;
	objects = {

/* Begin PBXBuildFile section */
		A02BDF71219BB80200D8334E /* StudentInformation.swift in Sources */ = {isa = PBXBuildFile; fileRef = A02BDF70219BB80200D8334E /* StudentInformation.swift */; };
		A0AC4D2221914FAF006EE9F8 /* InformationPostingViewController.swift in Sources */ = {isa = PBXBuildFile; fileRef = A0AC4D2121914FAF006EE9F8 /* InformationPostingViewController.swift */; };
		A0AF14ED2197D8BE00AECC3D /* Assets.xcassets in Resources */ = {isa = PBXBuildFile; fileRef = A0AF14EC2197D8BE00AECC3D /* Assets.xcassets */; };
		A0AF14EF2198864400AECC3D /* PostingConfirmationViewController.swift in Sources */ = {isa = PBXBuildFile; fileRef = A0AF14EE2198864400AECC3D /* PostingConfirmationViewController.swift */; };
		A0DB9C02218E52D900F2F23E /* AppDelegate.swift in Sources */ = {isa = PBXBuildFile; fileRef = A0DB9C01218E52D900F2F23E /* AppDelegate.swift */; };
		A0DB9C07218E52D900F2F23E /* Main.storyboard in Resources */ = {isa = PBXBuildFile; fileRef = A0DB9C05218E52D900F2F23E /* Main.storyboard */; };
		A0DB9C0C218E52DB00F2F23E /* LaunchScreen.storyboard in Resources */ = {isa = PBXBuildFile; fileRef = A0DB9C0A218E52DB00F2F23E /* LaunchScreen.storyboard */; };
		A0DB9C18218E621E00F2F23E /* LoginViewController.swift in Sources */ = {isa = PBXBuildFile; fileRef = A0DB9C17218E621E00F2F23E /* LoginViewController.swift */; };
		A0DB9C1A218E655300F2F23E /* UdacityClient.swift in Sources */ = {isa = PBXBuildFile; fileRef = A0DB9C19218E655300F2F23E /* UdacityClient.swift */; };
		A0DB9C1C218E92CD00F2F23E /* MapViewController.swift in Sources */ = {isa = PBXBuildFile; fileRef = A0DB9C1B218E92CD00F2F23E /* MapViewController.swift */; };
		A0DB9C1E218EA68C00F2F23E /* ViewController+ActivityView.swift in Sources */ = {isa = PBXBuildFile; fileRef = A0DB9C1D218EA68C00F2F23E /* ViewController+ActivityView.swift */; };
		A0DB9C22218F298900F2F23E /* UdacityUser.swift in Sources */ = {isa = PBXBuildFile; fileRef = A0DB9C21218F298900F2F23E /* UdacityUser.swift */; };
		A0DB9C25218F4F9400F2F23E /* ParseClient.swift in Sources */ = {isa = PBXBuildFile; fileRef = A0DB9C24218F4F9400F2F23E /* ParseClient.swift */; };
		A0DB9C27218F56B000F2F23E /* ParseStudentLocation.swift in Sources */ = {isa = PBXBuildFile; fileRef = A0DB9C26218F56B000F2F23E /* ParseStudentLocation.swift */; };
		A0DB9C29218F7FC700F2F23E /* TableViewController.swift in Sources */ = {isa = PBXBuildFile; fileRef = A0DB9C28218F7FC700F2F23E /* TableViewController.swift */; };
		A0F1B53F219A730500F95041 /* Helper.swift in Sources */ = {isa = PBXBuildFile; fileRef = A0F1B53E219A730500F95041 /* Helper.swift */; };
		A0F1B541219A77D800F95041 /* ParseConstants.swift in Sources */ = {isa = PBXBuildFile; fileRef = A0F1B540219A77D800F95041 /* ParseConstants.swift */; };
/* End PBXBuildFile section */

/* Begin PBXFileReference section */
		A02BDF70219BB80200D8334E /* StudentInformation.swift */ = {isa = PBXFileReference; lastKnownFileType = sourcecode.swift; path = StudentInformation.swift; sourceTree = "<group>"; };
		A0AC4D2121914FAF006EE9F8 /* InformationPostingViewController.swift */ = {isa = PBXFileReference; lastKnownFileType = sourcecode.swift; path = InformationPostingViewController.swift; sourceTree = "<group>"; };
		A0AF14EC2197D8BE00AECC3D /* Assets.xcassets */ = {isa = PBXFileReference; lastKnownFileType = folder.assetcatalog; path = Assets.xcassets; sourceTree = "<group>"; };
		A0AF14EE2198864400AECC3D /* PostingConfirmationViewController.swift */ = {isa = PBXFileReference; lastKnownFileType = sourcecode.swift; path = PostingConfirmationViewController.swift; sourceTree = "<group>"; };
		A0DB9BFE218E52D900F2F23E /* onTheMap.app */ = {isa = PBXFileReference; explicitFileType = wrapper.application; includeInIndex = 0; path = onTheMap.app; sourceTree = BUILT_PRODUCTS_DIR; };
		A0DB9C01218E52D900F2F23E /* AppDelegate.swift */ = {isa = PBXFileReference; lastKnownFileType = sourcecode.swift; path = AppDelegate.swift; sourceTree = "<group>"; };
		A0DB9C06218E52D900F2F23E /* Base */ = {isa = PBXFileReference; lastKnownFileType = file.storyboard; name = Base; path = Base.lproj/Main.storyboard; sourceTree = "<group>"; };
		A0DB9C0B218E52DB00F2F23E /* Base */ = {isa = PBXFileReference; lastKnownFileType = file.storyboard; name = Base; path = Base.lproj/LaunchScreen.storyboard; sourceTree = "<group>"; };
		A0DB9C0D218E52DB00F2F23E /* Info.plist */ = {isa = PBXFileReference; lastKnownFileType = text.plist.xml; path = Info.plist; sourceTree = "<group>"; };
		A0DB9C17218E621E00F2F23E /* LoginViewController.swift */ = {isa = PBXFileReference; lastKnownFileType = sourcecode.swift; path = LoginViewController.swift; sourceTree = "<group>"; };
		A0DB9C19218E655300F2F23E /* UdacityClient.swift */ = {isa = PBXFileReference; lastKnownFileType = sourcecode.swift; path = UdacityClient.swift; sourceTree = "<group>"; };
		A0DB9C1B218E92CD00F2F23E /* MapViewController.swift */ = {isa = PBXFileReference; lastKnownFileType = sourcecode.swift; path = MapViewController.swift; sourceTree = "<group>"; };
		A0DB9C1D218EA68C00F2F23E /* ViewController+ActivityView.swift */ = {isa = PBXFileReference; lastKnownFileType = sourcecode.swift; path = "ViewController+ActivityView.swift"; sourceTree = "<group>"; };
		A0DB9C21218F298900F2F23E /* UdacityUser.swift */ = {isa = PBXFileReference; lastKnownFileType = sourcecode.swift; path = UdacityUser.swift; sourceTree = "<group>"; };
		A0DB9C24218F4F9400F2F23E /* ParseClient.swift */ = {isa = PBXFileReference; lastKnownFileType = sourcecode.swift; path = ParseClient.swift; sourceTree = "<group>"; };
		A0DB9C26218F56B000F2F23E /* ParseStudentLocation.swift */ = {isa = PBXFileReference; lastKnownFileType = sourcecode.swift; path = ParseStudentLocation.swift; sourceTree = "<group>"; };
		A0DB9C28218F7FC700F2F23E /* TableViewController.swift */ = {isa = PBXFileReference; lastKnownFileType = sourcecode.swift; path = TableViewController.swift; sourceTree = "<group>"; };
		A0F1B53E219A730500F95041 /* Helper.swift */ = {isa = PBXFileReference; lastKnownFileType = sourcecode.swift; path = Helper.swift; sourceTree = "<group>"; };
		A0F1B540219A77D800F95041 /* ParseConstants.swift */ = {isa = PBXFileReference; lastKnownFileType = sourcecode.swift; path = ParseConstants.swift; sourceTree = "<group>"; };
/* End PBXFileReference section */

/* Begin PBXFrameworksBuildPhase section */
		A0DB9BFB218E52D900F2F23E /* Frameworks */ = {
			isa = PBXFrameworksBuildPhase;
			buildActionMask = 2147483647;
			files = (
			);
			runOnlyForDeploymentPostprocessing = 0;
		};
/* End PBXFrameworksBuildPhase section */

/* Begin PBXGroup section */
		A0DB9BF5218E52D900F2F23E = {
			isa = PBXGroup;
			children = (
				A0DB9C00218E52D900F2F23E /* onTheMap */,
				A0DB9BFF218E52D900F2F23E /* Products */,
			);
			indentWidth = 4;
			sourceTree = "<group>";
			tabWidth = 4;
			usesTabs = 0;
		};
		A0DB9BFF218E52D900F2F23E /* Products */ = {
			isa = PBXGroup;
			children = (
				A0DB9BFE218E52D900F2F23E /* onTheMap.app */,
			);
			name = Products;
			sourceTree = "<group>";
		};
		A0DB9C00218E52D900F2F23E /* onTheMap */ = {
			isa = PBXGroup;
			children = (
				A0DB9C01218E52D900F2F23E /* AppDelegate.swift */,
				A0DB9C15218E533600F2F23E /* View */,
				A0DB9C13218E531E00F2F23E /* Controller */,
				A0DB9C14218E532600F2F23E /* Model */,
				A0DB9C16218E535200F2F23E /* Assets */,
				A0DB9C0D218E52DB00F2F23E /* Info.plist */,
			);
			path = onTheMap;
			sourceTree = "<group>";
		};
		A0DB9C13218E531E00F2F23E /* Controller */ = {
			isa = PBXGroup;
			children = (
				A0DB9C17218E621E00F2F23E /* LoginViewController.swift */,
				A0DB9C1B218E92CD00F2F23E /* MapViewController.swift */,
				A0DB9C28218F7FC700F2F23E /* TableViewController.swift */,
				A0AC4D2121914FAF006EE9F8 /* InformationPostingViewController.swift */,
				A0AF14EE2198864400AECC3D /* PostingConfirmationViewController.swift */,
				A0F1B53E219A730500F95041 /* Helper.swift */,
			);
			path = Controller;
			sourceTree = "<group>";
		};
		A0DB9C14218E532600F2F23E /* Model */ = {
			isa = PBXGroup;
			children = (
				A0DB9C1F218F295D00F2F23E /* Clients */,
			);
			path = Model;
			sourceTree = "<group>";
		};
		A0DB9C15218E533600F2F23E /* View */ = {
			isa = PBXGroup;
			children = (
				A0DB9C1D218EA68C00F2F23E /* ViewController+ActivityView.swift */,
			);
			path = View;
			sourceTree = "<group>";
		};
		A0DB9C16218E535200F2F23E /* Assets */ = {
			isa = PBXGroup;
			children = (
				A0DB9C0A218E52DB00F2F23E /* LaunchScreen.storyboard */,
				A0DB9C05218E52D900F2F23E /* Main.storyboard */,
				A0AF14EC2197D8BE00AECC3D /* Assets.xcassets */,
			);
			path = Assets;
			sourceTree = "<group>";
		};
		A0DB9C1F218F295D00F2F23E /* Clients */ = {
			isa = PBXGroup;
			children = (
				A0DB9C23218F4F7E00F2F23E /* Parse */,
				A0DB9C20218F296600F2F23E /* Udacity */,
				A02BDF70219BB80200D8334E /* StudentInformation.swift */,
			);
			path = Clients;
			sourceTree = "<group>";
		};
		A0DB9C20218F296600F2F23E /* Udacity */ = {
			isa = PBXGroup;
			children = (
				A0DB9C19218E655300F2F23E /* UdacityClient.swift */,
				A0DB9C21218F298900F2F23E /* UdacityUser.swift */,
			);
			path = Udacity;
			sourceTree = "<group>";
		};
		A0DB9C23218F4F7E00F2F23E /* Parse */ = {
			isa = PBXGroup;
			children = (
				A0DB9C24218F4F9400F2F23E /* ParseClient.swift */,
				A0DB9C26218F56B000F2F23E /* ParseStudentLocation.swift */,
				A0F1B540219A77D800F95041 /* ParseConstants.swift */,
			);
			path = Parse;
			sourceTree = "<group>";
		};
/* End PBXGroup section */

/* Begin PBXNativeTarget section */
		A0DB9BFD218E52D900F2F23E /* onTheMap */ = {
			isa = PBXNativeTarget;
			buildConfigurationList = A0DB9C10218E52DB00F2F23E /* Build configuration list for PBXNativeTarget "onTheMap" */;
			buildPhases = (
				A0DB9BFA218E52D900F2F23E /* Sources */,
				A0DB9BFB218E52D900F2F23E /* Frameworks */,
				A0DB9BFC218E52D900F2F23E /* Resources */,
			);
			buildRules = (
			);
			dependencies = (
			);
			name = onTheMap;
			productName = onTheMap;
			productReference = A0DB9BFE218E52D900F2F23E /* onTheMap.app */;
			productType = "com.apple.product-type.application";
		};
/* End PBXNativeTarget section */

/* Begin PBXProject section */
		A0DB9BF6218E52D900F2F23E /* Project object */ = {
			isa = PBXProject;
			attributes = {
				LastSwiftUpdateCheck = 1010;
				LastUpgradeCheck = 1010;
				ORGANIZATIONNAME = "Andres Yepes";
				TargetAttributes = {
					A0DB9BFD218E52D900F2F23E = {
						CreatedOnToolsVersion = 10.1;
					};
				};
			};
			buildConfigurationList = A0DB9BF9218E52D900F2F23E /* Build configuration list for PBXProject "onTheMap" */;
			compatibilityVersion = "Xcode 9.3";
			developmentRegion = en;
			hasScannedForEncodings = 0;
			knownRegions = (
				en,
				Base,
			);
			mainGroup = A0DB9BF5218E52D900F2F23E;
			productRefGroup = A0DB9BFF218E52D900F2F23E /* Products */;
			projectDirPath = "";
			projectRoot = "";
			targets = (
				A0DB9BFD218E52D900F2F23E /* onTheMap */,
			);
		};
/* End PBXProject section */

/* Begin PBXResourcesBuildPhase section */
		A0DB9BFC218E52D900F2F23E /* Resources */ = {
			isa = PBXResourcesBuildPhase;
			buildActionMask = 2147483647;
			files = (
				A0DB9C0C218E52DB00F2F23E /* LaunchScreen.storyboard in Resources */,
				A0AF14ED2197D8BE00AECC3D /* Assets.xcassets in Resources */,
				A0DB9C07218E52D900F2F23E /* Main.storyboard in Resources */,
			);
			runOnlyForDeploymentPostprocessing = 0;
		};
/* End PBXResourcesBuildPhase section */

/* Begin PBXSourcesBuildPhase section */
		A0DB9BFA218E52D900F2F23E /* Sources */ = {
			isa = PBXSourcesBuildPhase;
			buildActionMask = 2147483647;
			files = (
				A02BDF71219BB80200D8334E /* StudentInformation.swift in Sources */,
				A0DB9C27218F56B000F2F23E /* ParseStudentLocation.swift in Sources */,
				A0DB9C18218E621E00F2F23E /* LoginViewController.swift in Sources */,
				A0DB9C1E218EA68C00F2F23E /* ViewController+ActivityView.swift in Sources */,
				A0DB9C25218F4F9400F2F23E /* ParseClient.swift in Sources */,
				A0DB9C22218F298900F2F23E /* UdacityUser.swift in Sources */,
				A0DB9C02218E52D900F2F23E /* AppDelegate.swift in Sources */,
				A0AC4D2221914FAF006EE9F8 /* InformationPostingViewController.swift in Sources */,
				A0DB9C1A218E655300F2F23E /* UdacityClient.swift in Sources */,
				A0F1B541219A77D800F95041 /* ParseConstants.swift in Sources */,
				A0DB9C29218F7FC700F2F23E /* TableViewController.swift in Sources */,
				A0AF14EF2198864400AECC3D /* PostingConfirmationViewController.swift in Sources */,
				A0DB9C1C218E92CD00F2F23E /* MapViewController.swift in Sources */,
				A0F1B53F219A730500F95041 /* Helper.swift in Sources */,
			);
			runOnlyForDeploymentPostprocessing = 0;
		};
/* End PBXSourcesBuildPhase section */

/* Begin PBXVariantGroup section */
		A0DB9C05218E52D900F2F23E /* Main.storyboard */ = {
			isa = PBXVariantGroup;
			children = (
				A0DB9C06218E52D900F2F23E /* Base */,
			);
			name = Main.storyboard;
			sourceTree = "<group>";
		};
		A0DB9C0A218E52DB00F2F23E /* LaunchScreen.storyboard */ = {
			isa = PBXVariantGroup;
			children = (
				A0DB9C0B218E52DB00F2F23E /* Base */,
			);
			name = LaunchScreen.storyboard;
			sourceTree = "<group>";
		};
/* End PBXVariantGroup section */

/* Begin XCBuildConfiguration section */
		A0DB9C0E218E52DB00F2F23E /* Debug */ = {
			isa = XCBuildConfiguration;
			buildSettings = {
				ALWAYS_SEARCH_USER_PATHS = NO;
				CLANG_ANALYZER_NONNULL = YES;
				CLANG_ANALYZER_NUMBER_OBJECT_CONVERSION = YES_AGGRESSIVE;
				CLANG_CXX_LANGUAGE_STANDARD = "gnu++14";
				CLANG_CXX_LIBRARY = "libc++";
				CLANG_ENABLE_MODULES = YES;
				CLANG_ENABLE_OBJC_ARC = YES;
				CLANG_ENABLE_OBJC_WEAK = YES;
				CLANG_WARN_BLOCK_CAPTURE_AUTORELEASING = YES;
				CLANG_WARN_BOOL_CONVERSION = YES;
				CLANG_WARN_COMMA = YES;
				CLANG_WARN_CONSTANT_CONVERSION = YES;
				CLANG_WARN_DEPRECATED_OBJC_IMPLEMENTATIONS = YES;
				CLANG_WARN_DIRECT_OBJC_ISA_USAGE = YES_ERROR;
				CLANG_WARN_DOCUMENTATION_COMMENTS = YES;
				CLANG_WARN_EMPTY_BODY = YES;
				CLANG_WARN_ENUM_CONVERSION = YES;
				CLANG_WARN_INFINITE_RECURSION = YES;
				CLANG_WARN_INT_CONVERSION = YES;
				CLANG_WARN_NON_LITERAL_NULL_CONVERSION = YES;
				CLANG_WARN_OBJC_IMPLICIT_RETAIN_SELF = YES;
				CLANG_WARN_OBJC_LITERAL_CONVERSION = YES;
				CLANG_WARN_OBJC_ROOT_CLASS = YES_ERROR;
				CLANG_WARN_RANGE_LOOP_ANALYSIS = YES;
				CLANG_WARN_STRICT_PROTOTYPES = YES;
				CLANG_WARN_SUSPICIOUS_MOVE = YES;
				CLANG_WARN_UNGUARDED_AVAILABILITY = YES_AGGRESSIVE;
				CLANG_WARN_UNREACHABLE_CODE = YES;
				CLANG_WARN__DUPLICATE_METHOD_MATCH = YES;
				CODE_SIGN_IDENTITY = "iPhone Developer";
				COPY_PHASE_STRIP = NO;
				DEBUG_INFORMATION_FORMAT = dwarf;
				ENABLE_STRICT_OBJC_MSGSEND = YES;
				ENABLE_TESTABILITY = YES;
				GCC_C_LANGUAGE_STANDARD = gnu11;
				GCC_DYNAMIC_NO_PIC = NO;
				GCC_NO_COMMON_BLOCKS = YES;
				GCC_OPTIMIZATION_LEVEL = 0;
				GCC_PREPROCESSOR_DEFINITIONS = (
					"DEBUG=1",
					"$(inherited)",
				);
				GCC_WARN_64_TO_32_BIT_CONVERSION = YES;
				GCC_WARN_ABOUT_RETURN_TYPE = YES_ERROR;
				GCC_WARN_UNDECLARED_SELECTOR = YES;
				GCC_WARN_UNINITIALIZED_AUTOS = YES_AGGRESSIVE;
				GCC_WARN_UNUSED_FUNCTION = YES;
				GCC_WARN_UNUSED_VARIABLE = YES;
				IPHONEOS_DEPLOYMENT_TARGET = 12.1;
				MTL_ENABLE_DEBUG_INFO = INCLUDE_SOURCE;
				MTL_FAST_MATH = YES;
				ONLY_ACTIVE_ARCH = YES;
				SDKROOT = iphoneos;
				SWIFT_ACTIVE_COMPILATION_CONDITIONS = DEBUG;
				SWIFT_OPTIMIZATION_LEVEL = "-Onone";
			};
			name = Debug;
		};
		A0DB9C0F218E52DB00F2F23E /* Release */ = {
			isa = XCBuildConfiguration;
			buildSettings = {
				ALWAYS_SEARCH_USER_PATHS = NO;
				CLANG_ANALYZER_NONNULL = YES;
				CLANG_ANALYZER_NUMBER_OBJECT_CONVERSION = YES_AGGRESSIVE;
				CLANG_CXX_LANGUAGE_STANDARD = "gnu++14";
				CLANG_CXX_LIBRARY = "libc++";
				CLANG_ENABLE_MODULES = YES;
				CLANG_ENABLE_OBJC_ARC = YES;
				CLANG_ENABLE_OBJC_WEAK = YES;
				CLANG_WARN_BLOCK_CAPTURE_AUTORELEASING = YES;
				CLANG_WARN_BOOL_CONVERSION = YES;
				CLANG_WARN_COMMA = YES;
				CLANG_WARN_CONSTANT_CONVERSION = YES;
				CLANG_WARN_DEPRECATED_OBJC_IMPLEMENTATIONS = YES;
				CLANG_WARN_DIRECT_OBJC_ISA_USAGE = YES_ERROR;
				CLANG_WARN_DOCUMENTATION_COMMENTS = YES;
				CLANG_WARN_EMPTY_BODY = YES;
				CLANG_WARN_ENUM_CONVERSION = YES;
				CLANG_WARN_INFINITE_RECURSION = YES;
				CLANG_WARN_INT_CONVERSION = YES;
				CLANG_WARN_NON_LITERAL_NULL_CONVERSION = YES;
				CLANG_WARN_OBJC_IMPLICIT_RETAIN_SELF = YES;
				CLANG_WARN_OBJC_LITERAL_CONVERSION = YES;
				CLANG_WARN_OBJC_ROOT_CLASS = YES_ERROR;
				CLANG_WARN_RANGE_LOOP_ANALYSIS = YES;
				CLANG_WARN_STRICT_PROTOTYPES = YES;
				CLANG_WARN_SUSPICIOUS_MOVE = YES;
				CLANG_WARN_UNGUARDED_AVAILABILITY = YES_AGGRESSIVE;
				CLANG_WARN_UNREACHABLE_CODE = YES;
				CLANG_WARN__DUPLICATE_METHOD_MATCH = YES;
				CODE_SIGN_IDENTITY = "iPhone Developer";
				COPY_PHASE_STRIP = NO;
				DEBUG_INFORMATION_FORMAT = "dwarf-with-dsym";
				ENABLE_NS_ASSERTIONS = NO;
				ENABLE_STRICT_OBJC_MSGSEND = YES;
				GCC_C_LANGUAGE_STANDARD = gnu11;
				GCC_NO_COMMON_BLOCKS = YES;
				GCC_WARN_64_TO_32_BIT_CONVERSION = YES;
				GCC_WARN_ABOUT_RETURN_TYPE = YES_ERROR;
				GCC_WARN_UNDECLARED_SELECTOR = YES;
				GCC_WARN_UNINITIALIZED_AUTOS = YES_AGGRESSIVE;
				GCC_WARN_UNUSED_FUNCTION = YES;
				GCC_WARN_UNUSED_VARIABLE = YES;
				IPHONEOS_DEPLOYMENT_TARGET = 12.1;
				MTL_ENABLE_DEBUG_INFO = NO;
				MTL_FAST_MATH = YES;
				SDKROOT = iphoneos;
				SWIFT_COMPILATION_MODE = wholemodule;
				SWIFT_OPTIMIZATION_LEVEL = "-O";
				VALIDATE_PRODUCT = YES;
			};
			name = Release;
		};
		A0DB9C11218E52DB00F2F23E /* Debug */ = {
			isa = XCBuildConfiguration;
			buildSettings = {
				ASSETCATALOG_COMPILER_APPICON_NAME = AppIcon;
				CODE_SIGN_STYLE = Automatic;
				DEVELOPMENT_TEAM = 9BZ568JFC6;
				INFOPLIST_FILE = onTheMap/Info.plist;
				IPHONEOS_DEPLOYMENT_TARGET = 12.0;
				LD_RUNPATH_SEARCH_PATHS = (
					"$(inherited)",
					"@executable_path/Frameworks",
				);
				PRODUCT_BUNDLE_IDENTIFIER = com.mango.de.limonada.onTheMap;
				PRODUCT_NAME = "$(TARGET_NAME)";
				SWIFT_VERSION = 4.2;
				TARGETED_DEVICE_FAMILY = "1,2";
			};
			name = Debug;
		};
		A0DB9C12218E52DB00F2F23E /* Release */ = {
			isa = XCBuildConfiguration;
			buildSettings = {
				ASSETCATALOG_COMPILER_APPICON_NAME = AppIcon;
				CODE_SIGN_STYLE = Automatic;
				DEVELOPMENT_TEAM = 9BZ568JFC6;
				INFOPLIST_FILE = onTheMap/Info.plist;
				IPHONEOS_DEPLOYMENT_TARGET = 12.0;
				LD_RUNPATH_SEARCH_PATHS = (
					"$(inherited)",
					"@executable_path/Frameworks",
				);
				PRODUCT_BUNDLE_IDENTIFIER = com.mango.de.limonada.onTheMap;
				PRODUCT_NAME = "$(TARGET_NAME)";
				SWIFT_VERSION = 4.2;
				TARGETED_DEVICE_FAMILY = "1,2";
			};
			name = Release;
		};
/* End XCBuildConfiguration section */

/* Begin XCConfigurationList section */
		A0DB9BF9218E52D900F2F23E /* Build configuration list for PBXProject "onTheMap" */ = {
			isa = XCConfigurationList;
			buildConfigurations = (
				A0DB9C0E218E52DB00F2F23E /* Debug */,
				A0DB9C0F218E52DB00F2F23E /* Release */,
			);
			defaultConfigurationIsVisible = 0;
			defaultConfigurationName = Release;
		};
		A0DB9C10218E52DB00F2F23E /* Build configuration list for PBXNativeTarget "onTheMap" */ = {
			isa = XCConfigurationList;
			buildConfigurations = (
				A0DB9C11218E52DB00F2F23E /* Debug */,
				A0DB9C12218E52DB00F2F23E /* Release */,
			);
			defaultConfigurationIsVisible = 0;
			defaultConfigurationName = Release;
		};
/* End XCConfigurationList section */
	};
	rootObject = A0DB9BF6218E52D900F2F23E /* Project object */;
}
